
Microsoft Visual Studio Solution File, Format Version 12.00
# Visual Studio Version 16
VisualStudioVersion = 16.0.30002.166
MinimumVisualStudioVersion = 10.0.40219.1
Project("{FAE04EC0-301F-11D3-BF4B-00C04F79EFBC}") = "PostcodeApi", "PostcodeApi.csproj", "{0F246DF5-5A4E-40C6-9EEE-03E75C323D61}"
EndProject
Project("{FAE04EC0-301F-11D3-BF4B-00C04F79EFBC}") = "PostcodeApi.Test", "..\PostcodeApi.Test\PostcodeApi.Test.csproj", "{843ED687-3136-4C89-B3D2-2C17653FDD43}"
EndProject
Global
	GlobalSection(SolutionConfigurationPlatforms) = preSolution
		Debug|Any CPU = Debug|Any CPU
		Release|Any CPU = Release|Any CPU
	EndGlobalSection
	GlobalSection(ProjectConfigurationPlatforms) = postSolution
		{0F246DF5-5A4E-40C6-9EEE-03E75C323D61}.Debug|Any CPU.ActiveCfg = Debug|Any CPU
		{0F246DF5-5A4E-40C6-9EEE-03E75C323D61}.Debug|Any CPU.Build.0 = Debug|Any CPU
		{0F246DF5-5A4E-40C6-9EEE-03E75C323D61}.Release|Any CPU.ActiveCfg = Release|Any CPU
		{0F246DF5-5A4E-40C6-9EEE-03E75C323D61}.Release|Any CPU.Build.0 = Release|Any CPU
		{843ED687-3136-4C89-B3D2-2C17653FDD43}.Debug|Any CPU.ActiveCfg = Debug|Any CPU
		{843ED687-3136-4C89-B3D2-2C17653FDD43}.Debug|Any CPU.Build.0 = Debug|Any CPU
		{843ED687-3136-4C89-B3D2-2C17653FDD43}.Release|Any CPU.ActiveCfg = Release|Any CPU
		{843ED687-3136-4C89-B3D2-2C17653FDD43}.Release|Any CPU.Build.0 = Release|Any CPU
	EndGlobalSection
	GlobalSection(SolutionProperties) = preSolution
		HideSolutionNode = FALSE
	EndGlobalSection
	GlobalSection(ExtensibilityGlobals) = postSolution
		SolutionGuid = {42FE5313-9F06-4918-AD84-3D30659D03A4}
	EndGlobalSection
EndGlobal
